
Microsoft Visual Studio Solution File, Format Version 12.00
# Visual Studio Version 16
VisualStudioVersion = 16.0.30621.155
MinimumVisualStudioVersion = 10.0.40219.1
Project("{8BC9CEB8-8B4A-11D0-8D11-00A0C91BC942}") = "GosConsoleApp", "GosConsoleApp\GosConsoleApp.vcxproj", "{BFC5C55B-2BBE-4B43-9867-9EF40152495C}"
EndProject
Global
	GlobalSection(SolutionConfigurationPlatforms) = preSolution
		Debug|x64 = Debug|x64
		Debug|x86 = Debug|x86
		Release|x64 = Release|x64
		Release|x86 = Release|x86
	EndGlobalSection
	GlobalSection(ProjectConfigurationPlatforms) = postSolution
		{BFC5C55B-2BBE-4B43-9867-9EF40152495C}.Debug|x64.ActiveCfg = Debug|x64
		{BFC5C55B-2BBE-4B43-9867-9EF40152495C}.Debug|x64.Build.0 = Debug|x64
		{BFC5C55B-2BBE-4B43-9867-9EF40152495C}.Debug|x86.ActiveCfg = Debug|Win32
		{BFC5C55B-2BBE-4B43-9867-9EF40152495C}.Debug|x86.Build.0 = Debug|Win32
		{BFC5C55B-2BBE-4B43-9867-9EF40152495C}.Release|x64.ActiveCfg = Release|x64
		{BFC5C55B-2BBE-4B43-9867-9EF40152495C}.Release|x64.Build.0 = Release|x64
		{BFC5C55B-2BBE-4B43-9867-9EF40152495C}.Release|x86.ActiveCfg = Release|Win32
		{BFC5C55B-2BBE-4B43-9867-9EF40152495C}.Release|x86.Build.0 = Release|Win32
	EndGlobalSection
	GlobalSection(SolutionProperties) = preSolution
		HideSolutionNode = FALSE
	EndGlobalSection
	GlobalSection(ExtensibilityGlobals) = postSolution
		SolutionGuid = {EE36A3D7-803F-4827-9858-5A965A78ECA3}
	EndGlobalSection
EndGlobal
